lockfileVersion: '6.0'

settings:
  autoInstallPeers: true
  excludeLinksFromLockfile: false

importers:

  .:
    devDependencies:
      '@types/node':
        specifier: ^26.2.0
        version: 26.2.0
      tsdown:
        specifier: ^0.11.13
        version: 0.11.13(typescript@5.9.3)
      tsx:
        specifier: ^4.19.0
        version: 4.23.12
      typescript:
        specifier: ^5.6.0
        version: 5.9.3

  packages/dsh-studio:
    dependencies:
      '@deepseek-ai/dsh-session':
        specifier: ^0.1.0-rc.6
        version: 0.1.0-rc.6(@deepseek-ai/cordis@4.0.1)(@deepseek-ai/dsh-brand@0.1.0-rc.6)(@deepseek-ai/dsh-invariants@0.1.0-rc.6)(@deepseek-ai/dsh-llm@0.1.0-rc.6)(@deepseek-ai/dsh-scope@0.1.0-rc.6)(@deepseek-ai/dsh-typert-protocol@0.1.0-rc.6)
    devDependencies:
      '@deepseek-ai/cordis':
        specifier: ^4.0.1
        version: 4.0.1(@deepseek-ai/cordis-plugin-loader@1.0.2)
      '@deepseek-ai/cordis-plugin-loader':
        specifier: 1.0.2
        version: 1.0.2(@deepseek-ai/cordis@4.0.1)
      '@deepseek-ai/dsh-host-webserver':
        specifier: ^0.1.0-rc.6
        version: 0.1.0-rc.6(@deepseek-ai/cordis@4.0.1)(@deepseek-ai/dsh-invariants@0.1.0-rc.6)
      '@types/node':
        specifier: ^26.2.0
        version: 26.2.0
      tsdown:
        specifier: ^0.11.13
        version: 0.11.13(typescript@5.9.3)
      tsx:
        specifier: ^4.19.0
        version: 4.23.12
      typescript:
        specifier: ^5.6.0
        version: 5.9.3

packages:

  /@babel/generator@7.29.8:
    resolution: {integrity: sha512-gZbepsdh3WDtgZKWL+vTPh71LSBrm/Y4/QDZBVCcYfmeTEEuoOYwlSy+G1StfJg+/Zy550u/3TATbm7qDbbMtg==}
    engines: {node: '>=6.9.0'}
    dependencies:
      '@babel/parser': 7.29.8
      '@babel/types': 7.29.8
      '@jridgewell/gen-mapping': 0.3.13
      '@jridgewell/trace-mapping': 0.3.31
      jsesc: 3.1.0
    dev: true

  /@babel/helper-string-parser@7.29.7:
    resolution: {integrity: sha512-Pb5ijPrZ89GDH8223L4UP8i6QApWxs04RbPQJTeWDV0/keR2E36MeKnyr6LYmUUvqRRI+Iv87SuF1W6ErINzYw==}
    engines: {node: '>=6.9.0'}
    dev: true

  /@babel/helper-validator-identifier@7.29.7:
    resolution: {integrity: sha512-qehxGkRj55h/ff8EMaJ+cYhyaKlHIxqYDn682wQD7RNp9UujOQsHog2uS0r2vzr4pW+sXf90NeeayjcNaX3fFg==}
    engines: {node: '>=6.9.0'}
    dev: true

  /@babel/parser@7.29.8:
    resolution: {integrity: sha512-E8lTAYNB1KW+FH+VGJuZM1ioAx2E6oVlvQFRrf5P8ZZmsiJXYAD9vTFV7yyEURNzgh1dFqMZuO6tUwcARbqFCA==}
    engines: {node: '>=6.0.0'}
    hasBin: true
    dependencies:
      '@babel/types': 7.29.8
    dev: true

  /@babel/types@7.29.8:
    resolution: {integrity: sha512-Vj1jF3cPfxg7OAfoI7QnVKLoILlm2JF9pnVHrX8qx7AHMiYWT+NDAA7jChlNgRS4WTLc/fD1lXLmPixluj+3Gg==}
    engines: {node: '>=6.9.0'}
    dependencies:
      '@babel/helper-string-parser': 7.29.7
      '@babel/helper-validator-identifier': 7.29.7
    dev: true

  /@deepseek-ai/cordis-plugin-loader@1.0.2(@deepseek-ai/cordis@4.0.1):
    resolution: {integrity: sha512-RIW9hoVyhYDWdCI9BsvtZccPde1ECLC4OAxupwowGTak78vwVTVdb3HezTSOK1Y1/Ax3Ru0LA1pYOB04CnTxIQ==}
    peerDependencies:
      '@deepseek-ai/cordis': ^4.0.1
      node-addon-require-builtin: ^0.1.4
    peerDependenciesMeta:
      node-addon-require-builtin:
        optional: true
    dependencies:
      '@deepseek-ai/cordis': 4.0.1(@deepseek-ai/cordis-plugin-loader@1.0.2)
      '@deepseek-ai/cosmokit': 1.8.2

  /@deepseek-ai/cordis@4.0.1(@deepseek-ai/cordis-plugin-loader@1.0.2):
    resolution: {integrity: sha512-YBdskTU2Po1kru3GgcUWUbkTsPMA9LkSQDAY8rBkFJeajdgcQad3QPJZE26JyK99Xb6HaASvoXg2DSUTeN/0Nw==}
    hasBin: true
    peerDependencies:
      '@deepseek-ai/cordis-plugin-include': ^1.0.6
      '@deepseek-ai/cordis-plugin-loader': ^1.0.2
    peerDependenciesMeta:
      '@deepseek-ai/cordis-plugin-include':
        optional: true
      '@deepseek-ai/cordis-plugin-loader':
        optional: true
    dependencies:
      '@deepseek-ai/cordis-plugin-loader': 1.0.2(@deepseek-ai/cordis@4.0.1)
      '@deepseek-ai/cosmokit': 1.8.2
      '@standard-schema/spec': 1.1.0

  /@deepseek-ai/cosmokit@1.8.2:
    resolution: {integrity: sha512-muBOKtSrUKU5m/xpq8ZXWL6hQ/jgd4PhU2PqH97bcxIiLEJfNwZOGQEx4t/aS/GgxRAR+ra9pMHPMtTHU4sqqA==}

  /@deepseek-ai/dsh-attachment@0.1.0-rc.6(@deepseek-ai/cordis@4.0.1)(@deepseek-ai/dsh-brand@0.1.0-rc.6)(@deepseek-ai/dsh-invariants@0.1.0-rc.6):
    resolution: {integrity: sha512-3P6N17NQ8jqSQGzeCs+svCIqArU8oq0YmgEAo+axN9aVuUDferWU4DLRSX59UGpmyldX4LQn81toA+c+DqMcHg==}
    peerDependencies:
      '@deepseek-ai/cordis': ^4.0.1
      '@deepseek-ai/dsh-brand': ^0.1.0-rc.6
      '@deepseek-ai/dsh-invariants': ^0.1.0-rc.6
    dependencies:
      '@deepseek-ai/cordis': 4.0.1(@deepseek-ai/cordis-plugin-loader@1.0.2)
      '@deepseek-ai/dsh-brand': 0.1.0-rc.6(@deepseek-ai/cordis@4.0.1)(@deepseek-ai/dsh-invariants@0.1.0-rc.6)
      '@deepseek-ai/dsh-invariants': 0.1.0-rc.6(@deepseek-ai/cordis@4.0.1)
    dev: false

  /@deepseek-ai/dsh-brand@0.1.0-rc.6(@deepseek-ai/cordis@4.0.1)(@deepseek-ai/dsh-invariants@0.1.0-rc.6):
    resolution: {integrity: sha512-E8j9Nby24qP4rfrdcfc7bpt1CHpGT3tYmycOJJkEOH4ptIdT1m2ro9nmnSd5CWYukTr64A77vjm2WGqHRI92UA==}
    peerDependencies:
      '@deepseek-ai/cordis': ^4.0.1
      '@deepseek-ai/dsh-invariants': ^0.1.0-rc.6
    dependencies:
      '@deepseek-ai/cordis': 4.0.1(@deepseek-ai/cordis-plugin-loader@1.0.2)
      '@deepseek-ai/dsh-invariants': 0.1.0-rc.6(@deepseek-ai/cordis@4.0.1)
    dev: false

  /@deepseek-ai/dsh-host-webserver@0.1.0-rc.6(@deepseek-ai/cordis@4.0.1)(@deepseek-ai/dsh-invariants@0.1.0-rc.6):
    resolution: {integrity: sha512-Zod2L+JPss8uGuVMc+5VMQYidCyOZWV8H7LsvyzVR73dhB9zIIm4smuRwuHrk6ss+F/QWmHWV+/yUgqbBJTLjA==}
    peerDependencies:
      '@deepseek-ai/cordis': ^4.0.1
      '@deepseek-ai/dsh-invariants': ^0.1.0-rc.6
    dependencies:
      '@deepseek-ai/cordis': 4.0.1(@deepseek-ai/cordis-plugin-loader@1.0.2)
      '@deepseek-ai/dsh-invariants': 0.1.0-rc.6(@deepseek-ai/cordis@4.0.1)
      '@deepseek-ai/schemastery': 3.18.1
    dev: true

  /@deepseek-ai/dsh-invariants@0.1.0-rc.6(@deepseek-ai/cordis@4.0.1):
    resolution: {integrity: sha512-WfEfOi99a4cpOugRAHTBSTnesLieu3ist1q9PXDXFBHX++K1rAl9+sB7YrdnbB8LH0UOY532gS9xJUYU6w0SLw==}
    peerDependencies:
      '@deepseek-ai/cordis': ^4.0.1
    dependencies:
      '@deepseek-ai/cordis': 4.0.1(@deepseek-ai/cordis-plugin-loader@1.0.2)
      '@deepseek-ai/schemastery': 3.18.1

  /@deepseek-ai/dsh-llm@0.1.0-rc.6(@deepseek-ai/cordis@4.0.1)(@deepseek-ai/dsh-attachment@0.1.0-rc.6)(@deepseek-ai/dsh-brand@0.1.0-rc.6)(@deepseek-ai/dsh-invariants@0.1.0-rc.6)(@deepseek-ai/dsh-timeout@0.1.0-rc.6):
    resolution: {integrity: sha512-kuFGC8bHlzGTwlRxQhXjf3CYWl8M4NzH+EYIkrW8rri4iMc9W53xrdvkil5No/DUlMm8g1u7GdeiWYFy0TMvtA==}
    peerDependencies:
      '@deepseek-ai/cordis': ^4.0.1
      '@deepseek-ai/dsh-attachment': ^0.1.0-rc.6
      '@deepseek-ai/dsh-brand': ^0.1.0-rc.6
      '@deepseek-ai/dsh-invariants': ^0.1.0-rc.6
      '@deepseek-ai/dsh-timeout': ^0.1.0-rc.6
    dependencies:
      '@deepseek-ai/cordis': 4.0.1(@deepseek-ai/cordis-plugin-loader@1.0.2)
      '@deepseek-ai/dsh-attachment': 0.1.0-rc.6(@deepseek-ai/cordis@4.0.1)(@deepseek-ai/dsh-brand@0.1.0-rc.6)(@deepseek-ai/dsh-invariants@0.1.0-rc.6)
      '@deepseek-ai/dsh-brand': 0.1.0-rc.6(@deepseek-ai/cordis@4.0.1)(@deepseek-ai/dsh-invariants@0.1.0-rc.6)
      '@deepseek-ai/dsh-invariants': 0.1.0-rc.6(@deepseek-ai/cordis@4.0.1)
      '@deepseek-ai/dsh-timeout': 0.1.0-rc.6(@deepseek-ai/cordis@4.0.1)(@deepseek-ai/dsh-invariants@0.1.0-rc.6)
      '@deepseek-ai/schemastery': 3.18.1
    dev: false

  /@deepseek-ai/dsh-scope@0.1.0-rc.6(@deepseek-ai/cordis@4.0.1)(@deepseek-ai/dsh-invariants@0.1.0-rc.6):
    resolution: {integrity: sha512-UlDLV4syLoJinNg9imhXrSAHrdaTa5Ff8gg46rzjFJGPUOhAk3DZff0hryT5OhrBi0A5Tj92qVpg2pRVvxnUzQ==}
    peerDependencies:
      '@deepseek-ai/cordis': ^4.0.1
      '@deepseek-ai/dsh-invariants': ^0.1.0-rc.6
    dependencies:
      '@deepseek-ai/cordis': 4.0.1(@deepseek-ai/cordis-plugin-loader@1.0.2)
      '@deepseek-ai/dsh-invariants': 0.1.0-rc.6(@deepseek-ai/cordis@4.0.1)
    dev: false

  /@deepseek-ai/dsh-session@0.1.0-rc.6(@deepseek-ai/cordis@4.0.1)(@deepseek-ai/dsh-brand@0.1.0-rc.6)(@deepseek-ai/dsh-invariants@0.1.0-rc.6)(@deepseek-ai/dsh-llm@0.1.0-rc.6)(@deepseek-ai/dsh-scope@0.1.0-rc.6)(@deepseek-ai/dsh-typert-protocol@0.1.0-rc.6):
    resolution: {integrity: sha512-8tu8I6VWC7050GAUXWhcEWQw4pakALQc8TlhKr52m7Y4+kIKeNt3FBgP86PaGPBtpK0p5zUPRQNkFpzZbBdxyw==}
    peerDependencies:
      '@deepseek-ai/cordis': ^4.0.1
      '@deepseek-ai/dsh-brand': ^0.1.0-rc.6
      '@deepseek-ai/dsh-invariants': ^0.1.0-rc.6
      '@deepseek-ai/dsh-llm': ^0.1.0-rc.6
      '@deepseek-ai/dsh-scope': ^0.1.0-rc.6
      '@deepseek-ai/dsh-typert-protocol': ^0.1.0-rc.6
    dependencies:
      '@deepseek-ai/cordis': 4.0.1(@deepseek-ai/cordis-plugin-loader@1.0.2)
      '@deepseek-ai/dsh-brand': 0.1.0-rc.6(@deepseek-ai/cordis@4.0.1)(@deepseek-ai/dsh-invariants@0.1.0-rc.6)
      '@deepseek-ai/dsh-invariants': 0.1.0-rc.6(@deepseek-ai/cordis@4.0.1)
      '@deepseek-ai/dsh-llm': 0.1.0-rc.6(@deepseek-ai/cordis@4.0.1)(@deepseek-ai/dsh-attachment@0.1.0-rc.6)(@deepseek-ai/dsh-brand@0.1.0-rc.6)(@deepseek-ai/dsh-invariants@0.1.0-rc.6)(@deepseek-ai/dsh-timeout@0.1.0-rc.6)
      '@deepseek-ai/dsh-scope': 0.1.0-rc.6(@deepseek-ai/cordis@4.0.1)(@deepseek-ai/dsh-invariants@0.1.0-rc.6)
      '@deepseek-ai/dsh-typert-protocol': 0.1.0-rc.6(@deepseek-ai/cordis@4.0.1)(@deepseek-ai/dsh-invariants@0.1.0-rc.6)
    dev: false

  /@deepseek-ai/dsh-timeout@0.1.0-rc.6(@deepseek-ai/cordis@4.0.1)(@deepseek-ai/dsh-invariants@0.1.0-rc.6):
    resolution: {integrity: sha512-CUean0fAnfsJVszFEip7PsU/S26W+JfDFfsza2dCtlw8n6xlkbHA9Gjxdk2aTwqDGCgXEPkRW7mYkdJ0n6FR7w==}
    peerDependencies:
      '@deepseek-ai/cordis': ^4.0.1
      '@deepseek-ai/dsh-invariants': ^0.1.0-rc.6
    dependencies:
      '@deepseek-ai/cordis': 4.0.1(@deepseek-ai/cordis-plugin-loader@1.0.2)
      '@deepseek-ai/dsh-invariants': 0.1.0-rc.6(@deepseek-ai/cordis@4.0.1)
    dev: false

  /@deepseek-ai/dsh-typert-protocol@0.1.0-rc.6(@deepseek-ai/cordis@4.0.1)(@deepseek-ai/dsh-invariants@0.1.0-rc.6):
    resolution: {integrity: sha512-weWzN8r01YCkoDCAM7BsKw2YhRrD4zL8N2SAZu9hovYtXSq8xHXsP4Zh8RLYIlYcuotjyff/6hic+0TJPd14YA==}
    peerDependencies:
      '@deepseek-ai/cordis': ^4.0.1
      '@deepseek-ai/dsh-invariants': ^0.1.0-rc.6
    dependencies:
      '@deepseek-ai/cordis': 4.0.1(@deepseek-ai/cordis-plugin-loader@1.0.2)
      '@deepseek-ai/dsh-invariants': 0.1.0-rc.6(@deepseek-ai/cordis@4.0.1)
    dev: false

  /@deepseek-ai/schemastery@3.18.1:
    resolution: {integrity: sha512-Qn0FCSwCQnpnj6SB31I6i2sIKgKWnkbJM8O0EU91Gv2UsYVvtZTl6IA0sCwk2e2MZf5S8w5hpq9QkeVvK9qwxg==}
    dependencies:
      '@deepseek-ai/cosmokit': 1.8.2
      '@standard-schema/spec': 1.1.0

  /@emnapi/core@1.11.3:
    resolution: {integrity: sha512-zLpS5asjEb7lq8jYLq37N6XKaE41DIexlY1rF/z4/tIl3wo13Sqm28fRyfIsKZD+NZ8mM5RoKkpW/rBcuoSZSg==}
    requiresBuild: true
    dependencies:
      '@emnapi/wasi-threads': 1.2.3
      tslib: 2.8.1
    dev: true
    optional: true

  /@emnapi/runtime@1.11.3:
    resolution: {integrity: sha512-Xz4Tpyki7XyrpbUK1jR1AhdAdaXyhhY4lZ3neLodmhpuWfy2PAQN5B46sAiU4liOXGLkHypn/qU+jvfWSCYYLA==}
    requiresBuild: true
    dependencies:
      tslib: 2.8.1
    dev: true
    optional: true

  /@emnapi/wasi-threads@1.2.3:
    resolution: {integrity: sha512-ELEBe8PsLvvJ6QMr0zLt8ffvOHW/dc1m3CEzNMg7aJUv3bMaoDtw2TXyDAwkYBuroxxuHEwhRTLJSe5sya547g==}
    requiresBuild: true
    dependencies:
      tslib: 2.8.1
    dev: true
    optional: true

  /@esbuild/aix-ppc64@0.28.2:
    resolution: {integrity: sha512-XExcO+dvLKvVtNTibSTBej1NCAbaGhWn9Ww1ZPx80qsahhPFe/8jgWP0IchNe0F3HwkU7n8ejhH8bjonqht8mQ==}
    engines: {node: '>=18'}
    cpu: [ppc64]
    os: [aix]
    requiresBuild: true
    dev: true
    optional: true

  /@esbuild/android-arm64@0.28.2:
    resolution: {integrity: sha512-5YfKeeI8qWfBZIX+u2xZC3Zlb3Os/gLS2sbEKM+I4ZOcsWmHS2WLysCcQZDAFRslDUU5Oiq44gf6PYN1vGwG5A==}
    engines: {node: '>=18'}
    cpu: [arm64]
    os: [android]
    requiresBuild: true
    dev: true
    optional: true

  /@esbuild/android-arm@0.28.2:
    resolution: {integrity: sha512-kXXoiPVVGQcnIYGOeaovwOURpniDBpSq4A03qkQ+BMQqtGG6HYap3xne9C1O1yo4TR3qxlCX5IqqmX6fFo2Lqg==}
    engines: {node: '>=18'}
    cpu: [arm]
    os: [android]
    requiresBuild: true
    dev: true
    optional: true

  /@esbuild/android-x64@0.28.2:
    resolution: {integrity: sha512-O387ite7SzUyCcy3JQX4P4bLtEA7bLLkx+esve5JHnyYfNTxcVpXZo9jhdB0lTKN44gztELTdU7nS8Nr16Fs1Q==}
    engines: {node: '>=18'}
    cpu: [x64]
    os: [android]
    requiresBuild: true
    dev: true
    optional: true

  /@esbuild/darwin-arm64@0.28.2:
    resolution: {integrity: sha512-n4KqkOQrraxHJcgjM1RvwbigfQKIKJVpM7xp+KsxiyUSrRdIXnt73VhrPAx0fV44hgfmIVKjxMN9J1t5jySVkw==}
    engines: {node: '>=18'}
    cpu: [arm64]
    os: [darwin]
    requiresBuild: true
    dev: true
    optional: true

  /@esbuild/darwin-x64@0.28.2:
    resolution: {integrity: sha512-uq6suIWYP37qzGddBKPw5QEQPi6HiLGsO7UmkpfyaYNQ3D+rN6w6WfwH+nuqcGXWvawGwxOEroO4YGnFh95azw==}
    engines: {node: '>=18'}
    cpu: [x64]
    os: [darwin]
    requiresBuild: true
    dev: true
    optional: true

  /@esbuild/freebsd-arm64@0.28.2:
    resolution: {integrity: sha512-n+I0BTSRIoy+d6RPKnEVwql5UwBJolytvY4mAOIEJorKlqgPII8ix6slVVrfZ5Tnj7glIZvloylbB/EJPMWEXw==}
    engines: {node: '>=18'}
    cpu: [arm64]
    os: [freebsd]
    requiresBuild: true
    dev: true
    optional: true

  /@esbuild/freebsd-x64@0.28.2:
    resolution: {integrity: sha512-78XJTJkvPs0kz2w61301PJjXl4g7q3JqiYMZ/M/yVI73EHBrCRTgkhu9oqG7vPqq+a/yadEW8aD+agKlk5xrmg==}
    engines: {node: '>=18'}
    cpu: [x64]
    os: [freebsd]
    requiresBuild: true
    dev: true
    optional: true

  /@esbuild/linux-arm64@0.28.2:
    resolution: {integrity: sha512-pW4AC0P3it8c7do9MVM4p51FzHzdM/TZrerurgRcHJ2WTa1VQ1CIq18xncfpBJw4ojkiZZrKW2yIBWBP92j6Ug==}
    engines: {node: '>=18'}
    cpu: [arm64]
    os: [linux]
    requiresBuild: true
    dev: true
    optional: true

  /@esbuild/linux-arm@0.28.2:
    resolution: {integrity: sha512-XlDnu2q5yoqems+xay6wSAcg9DDD7K9RLKZEBOMZm3ckNpJBvOX20tSfby8KfrrhINDyv9V2YVZKY/SpoGJI8w==}
    engines: {node: '>=18'}
    cpu: [arm]
    os: [linux]
    requiresBuild: true
    dev: true
    optional: true

  /@esbuild/linux-ia32@0.28.2:
    resolution: {integrity: sha512-CYbnj78HsIeA+DhgUKgFCfvNsTHFhMMrinUrMZpDXJXKN8T3XViTZ/+wtHeVxEWY8ewSzTFN+nRmSwO2tZaLUQ==}
    engines: {node: '>=18'}
    cpu: [ia32]
    os: [linux]
    requiresBuild: true
    dev: true
    optional: true

  /@esbuild/linux-loong64@0.28.2:
    resolution: {integrity: sha512-buwkd8nsph4R+ajRvw0qM5Hja/TXQow3ptzWO2EbG/cqcIkHloRrdlBtQlshyYGTNFvfkfJ5tpPLVkY4DtsPfQ==}
    engines: {node: '>=18'}
    cpu: [loong64]
    os: [linux]
    requiresBuild: true
    dev: true
    optional: true

  /@esbuild/linux-mips64el@0.28.2:
    resolution: {integrity: sha512-ZVykbDyk7519VwiNb9Lcj9m8XM6v5V9uKPvrEMkkEedVewf+0itkhahp4HDpgERXhwLRpWFypsGbG/J8s0QjJA==}
    engines: {node: '>=18'}
    cpu: [mips64el]
    os: [linux]
    requiresBuild: true
    dev: true
    optional: true

  /@esbuild/linux-ppc64@0.28.2:
    resolution: {integrity: sha512-CAXl+Dtd9UUuJd8pKKdwh6MLm3MUMiqMPmhZ3tTSXPqfyQ3vDl6R5hZdZ/kYojK4ofXtdfSv1tFq8XzWx3heNQ==}
    engines: {node: '>=18'}
    cpu: [ppc64]
    os: [linux]
    requiresBuild: true
    dev: true
    optional: true

  /@esbuild/linux-riscv64@0.28.2:
    resolution: {integrity: sha512-GeXCej4IQtU1B+QlDV8W/RRvbzI3O/Stss+/bCXv4lZls5WGRtu2a+3JkA3i4qIUlMXpcHebWpF8AkJhATowuA==}
    engines: {node: '>=18'}
    cpu: [riscv64]
    os: [linux]
    requiresBuild: true
    dev: true
    optional: true

  /@esbuild/linux-s390x@0.28.2:
    resolution: {integrity: sha512-3H1weTYZPxt/WOhByszQZybS9w5lKzUn1FDMsgEChbHWQwHYQQRfBxgCcZvPhjHfKyJjIievvMmEUawJrdY9Dg==}
    engines: {node: '>=18'}
    cpu: [s390x]
    os: [linux]
    requiresBuild: true
    dev: true
    optional: true

  /@esbuild/linux-x64@0.28.2:
    resolution: {integrity: sha512-4xTZr1FUmSoQW4XIWmit3tzQrUTZM+N3P0XV8xROKYF50XfI7xeO90+1bZvNwxIufQ9hDQVRJH5YhgPVF8A/HQ==}
    engines: {node: '>=18'}
    cpu: [x64]
    os: [linux]
    requiresBuild: true
    dev: true
    optional: true

  /@esbuild/netbsd-arm64@0.28.2:
    resolution: {integrity: sha512-sSATRjPeDBg3pdgHoQfoYBob11Kk1FGa9lui5RIHZCoCkJa9QKlvl3/vKz2usCmYYjs7ymJR/2Nnsqe+Hjt5nw==}
    engines: {node: '>=18'}
    cpu: [arm64]
    os: [netbsd]
    requiresBuild: true
    dev: true
    optional: true

  /@esbuild/netbsd-x64@0.28.2:
    resolution: {integrity: sha512-lqnzCV+mM0gIADaKihiCg6ifgfU2L3h5E33rNQBN1Y4MaVGnzryzmvvf7UHxprpQdE8hpqLolJ9Rl+SkIRDpyw==}
    engines: {node: '>=18'}
    cpu: [x64]
    os: [netbsd]
    requiresBuild: true
    dev: true
    optional: true

  /@esbuild/openbsd-arm64@0.28.2:
    resolution: {integrity: sha512-AL2qJILH7lNjrDmCQDvdxMfAUIv8KMNZOvrwAQ8i8//ntL9FflhOyMJ8OZSMBb8/AWXe3/5v5S20y3zCoZWKoQ==}
    engines: {node: '>=18'}
    cpu: [arm64]
    os: [openbsd]
    requiresBuild: true
    dev: true
    optional: true

  /@esbuild/openbsd-x64@0.28.2:
    resolution: {integrity: sha512-QtiuPytchRyC4rwUKhexJdQKvDuZ6hWloi3igqPQNUJCS1/v9EiO3UTOXR6A3FoMo4fnAKbWJdqaIwhOzh8qEw==}
    engines: {node: '>=18'}
    cpu: [x64]
    os: [openbsd]
    requiresBuild: true
    dev: true
    optional: true

  /@esbuild/openharmony-arm64@0.28.2:
    resolution: {integrity: sha512-WkhYDmpTjLvGlScA1rwjRUmhl4k8oXR3cIbtqWmELgU/dFeHHlEllxDvdWcNJV9rbzCexB5vz8gtNewWLgCT7Q==}
    engines: {node: '>=18'}
    cpu: [arm64]
    os: [openharmony]
    requiresBuild: true
    dev: true
    optional: true

  /@esbuild/sunos-x64@0.28.2:
    resolution: {integrity: sha512-GPMSkTOtMnv2U2F8gxe4Io6qmVs+YKyp832Etqqxr0hFngmXQ3rzwytelm3GIn7T4VviRUlf3sOgBOiTdvaf7g==}
    engines: {node: '>=18'}
    cpu: [x64]
    os: [sunos]
    requiresBuild: true
    dev: true
    optional: true

  /@esbuild/win32-arm64@0.28.2:
    resolution: {integrity: sha512-PIhhEkE9uPBleRBrQEJpUn7MBnibZzbGzYWPmY3x+YoVg/95zbjB4CxPPOQ8l5tYYM4mMaCthF8/1DIfBQQyWQ==}
    engines: {node: '>=18'}
    cpu: [arm64]
    os: [win32]
    requiresBuild: true
    dev: true
    optional: true

  /@esbuild/win32-ia32@0.28.2:
    resolution: {integrity: sha512-YmJbfTlvU7Sdn9BB+4PRES4oB6pxgS37MAONj+hBr/cpXS1aBPKXxNnDbu+QCWPj0o9dgyxeq79g6c5P8KeuYA==}
    engines: {node: '>=18'}
    cpu: [ia32]
    os: [win32]
    requiresBuild: true
    dev: true
    optional: true

  /@esbuild/win32-x64@0.28.2:
    resolution: {integrity: sha512-5ebpxr3nWMzrL/rnUI755Jkuee0bHL/Gq0WTF9lvcpv73wAp5eu8MfBUgWK9bhWvZjj7yX8etf/8tI8Ney695g==}
    engines: {node: '>=18'}
    cpu: [x64]
    os: [win32]
    requiresBuild: true
    dev: true
    optional: true

  /@jridgewell/gen-mapping@0.3.13:
    resolution: {integrity: sha512-2kkt/7niJ6MgEPxF0bYdQ6etZaA+fQvDcLKckhy1yIQOzaoKjBBjSj63/aLVjYE3qhRt5dvM+uUyfCg6UKCBbA==}
    dependencies:
      '@jridgewell/sourcemap-codec': 1.5.5
      '@jridgewell/trace-mapping': 0.3.31
    dev: true

  /@jridgewell/resolve-uri@3.1.2:
    resolution: {integrity: sha512-bRISgCIjP20/tbWSPWMEi54QVPRZExkuD9lJL+UIxUKtwVJA8wW1Trb1jMs1RFXo1CBTNZ/5hpC9QvmKWdopKw==}
    engines: {node: '>=6.0.0'}
    dev: true

  /@jridgewell/sourcemap-codec@1.5.5:
    resolution: {integrity: sha512-cYQ9310grqxueWbl+WuIUIaiUaDcj7WOq5fVhEljNVgRfOUhY9fy2zTvfoqWsnebh8Sl70VScFbICvJnLKB0Og==}
    dev: true

  /@jridgewell/trace-mapping@0.3.31:
    resolution: {integrity: sha512-zzNR+SdQSDJzc8joaeP8QQoCQr8NuYx2dIIytl1QeBEZHJ9uW6hebsrYgbz8hJwUQao3TWCMtmfV8Nu1twOLAw==}
    dependencies:
      '@jridgewell/resolve-uri': 3.1.2
      '@jridgewell/sourcemap-codec': 1.5.5
    dev: true

  /@napi-rs/wasm-runtime@0.2.12:
    resolution: {integrity: sha512-ZVWUcfwY4E/yPitQJl481FjFo3K22D6qF0DuFH6Y/nbnE11GY5uguDxZMGXPQ8WQ0128MXQD7TnfHyK4oWoIJQ==}
    requiresBuild: true
    dependencies:
      '@emnapi/core': 1.11.3
      '@emnapi/runtime': 1.11.3
      '@tybys/wasm-util': 0.10.3
    dev: true
    optional: true

  /@oxc-project/types@0.70.0:
    resolution: {integrity: sha512-ngyLUpUjO3dpqygSRQDx7nMx8+BmXbWOU4oIwTJFV2MVIDG7knIZwgdwXlQWLg3C3oxg1lS7ppMtPKqKFb7wzw==}
    dev: true

  /@quansync/fs@1.0.0:
    resolution: {integrity: sha512-4TJ3DFtlf1L5LDMaM6CanJ/0lckGNtJcMjQ1NAV6zDmA0tEHKZtxNKin8EgPaVX1YzljbxckyT2tJrpQKAtngQ==}
    dependencies:
      quansync: 1.0.0
    dev: true

  /@rolldown/binding-darwin-arm64@1.0.0-beta.9:
    resolution: {integrity: sha512-geUG/FUpm+membLC0NQBb39vVyOfguYZ2oyXc7emr6UjH6TeEECT4b0CPZXKFnELareTiU/Jfl70/eEgNxyQeA==}
    cpu: [arm64]
    os: [darwin]
    requiresBuild: true
    dev: true
    optional: true

  /@rolldown/binding-darwin-x64@1.0.0-beta.9:
    resolution: {integrity: sha512-7wPXDwcOtv2I+pWTL2UNpNAxMAGukgBT90Jz4DCfwaYdGvQncF7J0S7IWrRVsRFhBavxM+65RcueE3VXw5UIbg==}
    cpu: [x64]
    os: [darwin]
    requiresBuild: true
    dev: true
    optional: true

  /@rolldown/binding-freebsd-x64@1.0.0-beta.9:
    resolution: {integrity: sha512-agO5mONTNKVrcIt4SRxw5Ni0FOVV3gaH8dIiNp1A4JeU91b9kw7x+JRuNJAQuM2X3pYqVvA6qh13UTNOsaqM/Q==}
    cpu: [x64]
    os: [freebsd]
    requiresBuild: true
    dev: true
    optional: true

  /@rolldown/binding-linux-arm-gnueabihf@1.0.0-beta.9:
    resolution: {integrity: sha512-dDNDV9p/8WYDriS9HCcbH6y6+JP38o3enj/pMkdkmkxEnZ0ZoHIfQ9RGYWeRYU56NKBCrya4qZBJx49Jk9LRug==}
    cpu: [arm]
    os: [linux]
    requiresBuild: true
    dev: true
    optional: true

  /@rolldown/binding-linux-arm64-gnu@1.0.0-beta.9:
    resolution: {integrity: sha512-kZKegmHG1ZvfsFIwYU6DeFSxSIcIliXzeznsJHUo9D9/dlVSDi/PUvsRKcuJkQjZoejM6pk8MHN/UfgGdIhPHw==}
    cpu: [arm64]
    os: [linux]
    requiresBuild: true
    dev: true
    optional: true

  /@rolldown/binding-linux-arm64-musl@1.0.0-beta.9:
    resolution: {integrity: sha512-f+VL8mO31pyMJiJPr2aA1ryYONkP2UqgbwK7fKtKHZIeDd/AoUGn3+ujPqDhuy2NxgcJ5H8NaSvDpG1tJMHh+g==}
    cpu: [arm64]
    os: [linux]
    requiresBuild: true
    dev: true
    optional: true

  /@rolldown/binding-linux-x64-gnu@1.0.0-beta.9:
    resolution: {integrity: sha512-GiUEZ0WPjX5LouDoC3O8aJa4h6BLCpIvaAboNw5JoRour/3dC6rbtZZ/B5FC3/ySsN3/dFOhAH97ylQxoZJi7A==}
    cpu: [x64]
    os: [linux]
    requiresBuild: true
    dev: true
    optional: true

  /@rolldown/binding-linux-x64-musl@1.0.0-beta.9:
    resolution: {integrity: sha512-AMb0dicw+QHh6RxvWo4BRcuTMgS0cwUejJRMpSyIcHYnKTbj6nUW4HbWNQuDfZiF27l6F5gEwBS+YLUdVzL9vg==}
    cpu: [x64]
    os: [linux]
    requiresBuild: true
    dev: true
    optional: true

  /@rolldown/binding-wasm32-wasi@1.0.0-beta.9:
    resolution: {integrity: sha512-+pdaiTx7L8bWKvsAuCE0HAxP1ze1WOLoWGCawcrZbMSY10dMh2i82lJiH6tXGXbfYYwsNWhWE2NyG4peFZvRfQ==}
    engines: {node: '>=14.21.3'}
    cpu: [wasm32]
    requiresBuild: true
    dependencies:
      '@napi-rs/wasm-runtime': 0.2.12
    dev: true
    optional: true

  /@rolldown/binding-win32-arm64-msvc@1.0.0-beta.9:
    resolution: {integrity: sha512-A7kN248viWvb8eZMzQu024TBKGoyoVYBsDG2DtoP8u2pzwoh5yDqUL291u01o4f8uzpUHq8mfwQJmcGChFu8KQ==}
    cpu: [arm64]
    os: [win32]
    requiresBuild: true
    dev: true
    optional: true

  /@rolldown/binding-win32-ia32-msvc@1.0.0-beta.9:
    resolution: {integrity: sha512-DzKN7iEYjAP8AK8F2G2aCej3fk43Y/EQrVrR3gF0XREes56chjQ7bXIhw819jv74BbxGdnpPcslhet/cgt7WRA==}
    cpu: [ia32]
    os: [win32]
    requiresBuild: true
    dev: true
    optional: true

  /@rolldown/binding-win32-x64-msvc@1.0.0-beta.9:
    resolution: {integrity: sha512-GMWgTvvbZ8TfBsAiJpoz4SRq3IN3aUMn0rYm8q4I8dcEk4J1uISyfb6ZMzvqW+cvScTWVKWZNqnrmYOKLLUt4w==}
    cpu: [x64]
    os: [win32]
    requiresBuild: true
    dev: true
    optional: true

  /@rolldown/pluginutils@1.0.0-beta.9:
    resolution: {integrity: sha512-e9MeMtVWo186sgvFFJOPGy7/d2j2mZhLJIdVW0C/xDluuOvymEATqz6zKsP0ZmXGzQtqlyjz5sC1sYQUoJG98w==}
    dev: true

  /@standard-schema/spec@1.1.0:
    resolution: {integrity: sha512-l2aFy5jALhniG5HgqrD6jXLi/rUWrKvqN/qJx6yoJsgKhblVd+iqqU4RCXavm/jPityDo5TCvKMnpjKnOriy0w==}

  /@tybys/wasm-util@0.10.3:
    resolution: {integrity: sha512-F3fo1MYrRJYL3zER0OUOmkutjr1Vp23m7OsSgp7nq4SP6OqX6C/56XFIPAl5bt3zaBRjmW7SGz3u/6LwFpYcOg==}
    requiresBuild: true
    dependencies:
      tslib: 2.8.1
    dev: true
    optional: true

  /@types/node@26.2.0:
    resolution: {integrity: sha512-5IviulTZeRNp2vAJ514cc/HUlY5nZ9fCbq9DMyC52BrhFZACo3nI0R7qBxhQmo/d27NFe96ur/b7Wwxklda+kg==}
    dependencies:
      undici-types: 8.3.0
    dev: true

  /ansis@4.3.1:
    resolution: {integrity: sha512-BJ8/l4R5LRE7hW9WdSuGYrLSHi2ynxeFpDFbH0K/CgNeY/tyhk+vO6TYxXC5r5CpUhNVX310xzPsN/H9lCdfOA==}
    engines: {node: '>=14'}
    dev: true

  /ast-kit@2.2.0:
    resolution: {integrity: sha512-m1Q/RaVOnTp9JxPX+F+Zn7IcLYMzM8kZofDImfsKZd8MbR+ikdOzTeztStWqfrqIxZnYWryyI9ePm3NGjnZgGw==}
    engines: {node: '>=20.19.0'}
    dependencies:
      '@babel/parser': 7.29.8
      pathe: 2.0.3
    dev: true

  /birpc@2.9.0:
    resolution: {integrity: sha512-KrayHS5pBi69Xi9JmvoqrIgYGDkD6mcSe/i6YKi3w5kekCLzrX4+nawcXqrj2tIp50Kw/mT/s3p+GVK0A0sKxw==}
    dev: true

  /cac@6.7.14:
    resolution: {integrity: sha512-b6Ilus+c3RrdDk+JhLKUAQfzzgLEPy6wcXqS7f/xe1EETvsDP6GORG7SFuOs6cID5YkqchW/LXZbX5bc8j7ZcQ==}
    engines: {node: '>=8'}
    dev: true

  /chokidar@4.0.3:
    resolution: {integrity: sha512-Qgzu8kfBvo+cA4962jnP1KkS6Dop5NS6g7R5LFYJr4b8Ub94PPQXUksCw9PvXoeXPRRddRNC5C1JQUR2SMGtnA==}
    engines: {node: '>= 14.16.0'}
    dependencies:
      readdirp: 4.1.2
    dev: true

  /debug@4.4.3:
    resolution: {integrity: sha512-RGwwWnwQvkVfavKVt22FGLw+xYSdzARwm0ru6DhTVA3umU5hZc28V3kO4stgYryrTlLpuvgI9GiijltAjNbcqA==}
    engines: {node: '>=6.0'}
    peerDependencies:
      supports-color: '*'
    peerDependenciesMeta:
      supports-color:
        optional: true
    dependencies:
      ms: 2.1.3
    dev: true

  /defu@6.1.7:
    resolution: {integrity: sha512-7z22QmUWiQ/2d0KkdYmANbRUVABpZ9SNYyH5vx6PZ+nE5bcC0l7uFvEfHlyld/HcGBFTL536ClDt3DEcSlEJAQ==}
    dev: true

  /diff@8.0.4:
    resolution: {integrity: sha512-DPi0FmjiSU5EvQV0++GFDOJ9ASQUVFh5kD+OzOnYdi7n3Wpm9hWWGfB/O2blfHcMVTL5WkQXSnRiK9makhrcnw==}
    engines: {node: '>=0.3.1'}
    dev: true

  /dts-resolver@2.1.3:
    resolution: {integrity: sha512-bihc7jPC90VrosXNzK0LTE2cuLP6jr0Ro8jk+kMugHReJVLIpHz/xadeq3MhuwyO4TD4OA3L1Q8pBBFRc08Tsw==}
    engines: {node: '>=20.19.0'}
    peerDependencies:
      oxc-resolver: '>=11.0.0'
    peerDependenciesMeta:
      oxc-resolver:
        optional: true
    dev: true

  /empathic@1.1.0:
    resolution: {integrity: sha512-rsPft6CK3eHtrlp9Y5ALBb+hfK+DWnA4WFebbazxjWyx8vSm3rZeoM3z9irsjcqO3PYRzlfv27XIB4tz2DV7RA==}
    engines: {node: '>=14'}
    dev: true

  /esbuild@0.28.2:
    resolution: {integrity: sha512-HKVLS8dvII+xoKW9kmqxbRKrnWEXfJJr/FZhhJmiqIB0e053QNYFqOBouTMO/k5sID4MvCiUCvv8b9M4h32wIA==}
    engines: {node: '>=18'}
    hasBin: true
    requiresBuild: true
    optionalDependencies:
      '@esbuild/aix-ppc64': 0.28.2
      '@esbuild/android-arm': 0.28.2
      '@esbuild/android-arm64': 0.28.2
      '@esbuild/android-x64': 0.28.2
      '@esbuild/darwin-arm64': 0.28.2
      '@esbuild/darwin-x64': 0.28.2
      '@esbuild/freebsd-arm64': 0.28.2
      '@esbuild/freebsd-x64': 0.28.2
      '@esbuild/linux-arm': 0.28.2
      '@esbuild/linux-arm64': 0.28.2
      '@esbuild/linux-ia32': 0.28.2
      '@esbuild/linux-loong64': 0.28.2
      '@esbuild/linux-mips64el': 0.28.2
      '@esbuild/linux-ppc64': 0.28.2
      '@esbuild/linux-riscv64': 0.28.2
      '@esbuild/linux-s390x': 0.28.2
      '@esbuild/linux-x64': 0.28.2
      '@esbuild/netbsd-arm64': 0.28.2
      '@esbuild/netbsd-x64': 0.28.2
      '@esbuild/openbsd-arm64': 0.28.2
      '@esbuild/openbsd-x64': 0.28.2
      '@esbuild/openharmony-arm64': 0.28.2
      '@esbuild/sunos-x64': 0.28.2
      '@esbuild/win32-arm64': 0.28.2
      '@esbuild/win32-ia32': 0.28.2
      '@esbuild/win32-x64': 0.28.2
    dev: true

  /fdir@6.5.0(picomatch@4.0.5):
    resolution: {integrity: sha512-tIbYtZbucOs0BRGqPJkshJUYdL+SDH7dVM8gjy+ERp3WAUjLEFJE+02kanyHtwjWOnwrKYBiwAmM0p4kLJAnXg==}
    engines: {node: '>=12.0.0'}
    peerDependencies:
      picomatch: ^3 || ^4
    peerDependenciesMeta:
      picomatch:
        optional: true
    dependencies:
      picomatch: 4.0.5
    dev: true

  /fsevents@2.3.3:
    resolution: {integrity: sha512-5xoDfX+fL7faATnagmWPpbFtwh/R77WmMMqqHGS65C3vvB0YHrgF+B1YmZ3441tMj5n63k0212XNoJwzlhffQw==}
    engines: {node: ^8.16.0 || ^10.6.0 || >=11.0.0}
    os: [darwin]
    requiresBuild: true
    dev: true
    optional: true

  /get-tsconfig@4.14.2:
    resolution: {integrity: sha512-XpwZALwwl/BaKTAyC6+c5T8y6kCg2jk+XGqOVrKIQmW49pNypYLMRjCUXqa28tQgJlhS2RlzP7sc+Rx7W6qsfw==}
    dependencies:
      resolve-pkg-maps: 1.0.0
    dev: true

  /hookable@5.5.3:
    resolution: {integrity: sha512-Yc+BQe8SvoXH1643Qez1zqLRmbA5rCL+sSmk6TVos0LWVfNIB7PGncdlId77WzLGSIB5KaWgTaNTs2lNVEI6VQ==}
    dev: true

  /jiti@2.7.0:
    resolution: {integrity: sha512-AC/7JofJvZGrrneWNaEnJeOLUx+JlGt7tNa0wZiRPT4MY1wmfKjt2+6O2p2uz2+skll8OZZmJMNqeke7kKbNgQ==}
    hasBin: true
    dev: true

  /jsesc@3.1.0:
    resolution: {integrity: sha512-/sM3dO2FOzXjKQhJuo0Q173wf2KOo8t4I8vHy6lF9poUp7bKT0/NHE8fPX23PwfhnykfqnC2xRxOnVw5XuGIaA==}
    engines: {node: '>=6'}
    hasBin: true
    dev: true

  /ms@2.1.3:
    resolution: {integrity: sha512-6FlzubTLZG3J2a/NVCAleEhjzq5oxgHyaCU9yYXvcLsvoVaHJq/s5xXI6/XXP6tz7R9xAOtHnSO/tXtF3WRTlA==}
    dev: true

  /pathe@2.0.3:
    resolution: {integrity: sha512-WUjGcAqP1gQacoQe+OBJsFA7Ld4DyXuUIjZ5cc75cLHvJ7dtNsTugphxIADwspS+AraAUePCKrSVtPLFj/F88w==}
    dev: true

  /picomatch@4.0.5:
    resolution: {integrity: sha512-RvwwcruNjI1ncT5xRakeyS9Lf8lcItv34KD+aif+VH9kduAyfYBipGh12274xtenIPZ119/R9BdTBa8gAwSh0A==}
    engines: {node: '>=12'}
    dev: true

  /quansync@1.0.0:
    resolution: {integrity: sha512-5xZacEEufv3HSTPQuchrvV6soaiACMFnq1H8wkVioctoH3TRha9Sz66lOxRwPK/qZj7HPiSveih9yAyh98gvqA==}
    dev: true

  /readdirp@4.1.2:
    resolution: {integrity: sha512-GDhwkLfywWL2s6vEjyhri+eXmfH6j1L7JE27WhqLeYzoh/A3DBaYGEj2H/HFZCn/kMfim73FXxEJTw06WtxQwg==}
    engines: {node: '>= 14.18.0'}
    dev: true

  /resolve-pkg-maps@1.0.0:
    resolution: {integrity: sha512-seS2Tj26TBVOC2NIc2rOe2y2ZO7efxITtLZcGSOnHHNOQ7CkiUBfw0Iw2ck6xkIhPwLhKNLS8BO+hEpngQlqzw==}
    dev: true

  /rolldown-plugin-dts@0.13.14(rolldown@1.0.0-beta.9)(typescript@5.9.3):
    resolution: {integrity: sha512-wjNhHZz9dlN6PTIXyizB6u/mAg1wEFMW9yw7imEVe3CxHSRnNHVyycIX0yDEOVJfDNISLPbkCIPEpFpizy5+PQ==}
    engines: {node: '>=20.18.0'}
    peerDependencies:
      '@typescript/native-preview': '>=7.0.0-dev.20250601.1'
      rolldown: ^1.0.0-beta.9
      typescript: ^5.0.0
      vue-tsc: ^2.2.0 || ^3.0.0
    peerDependenciesMeta:
      '@typescript/native-preview':
        optional: true
      typescript:
        optional: true
      vue-tsc:
        optional: true
    dependencies:
      '@babel/generator': 7.29.8
      '@babel/parser': 7.29.8
      '@babel/types': 7.29.8
      ast-kit: 2.2.0
      birpc: 2.9.0
      debug: 4.4.3
      dts-resolver: 2.1.3
      get-tsconfig: 4.14.2
      rolldown: 1.0.0-beta.9
      typescript: 5.9.3
    transitivePeerDependencies:
      - oxc-resolver
      - supports-color
    dev: true

  /rolldown@1.0.0-beta.9:
    resolution: {integrity: sha512-ZgZky52n6iF0UainGKjptKGrOG4Con2S5sdc4C4y2Oj25D5PHAY8Y8E5f3M2TSd/zlhQs574JlMeTe3vREczSg==}
    hasBin: true
    peerDependencies:
      '@oxc-project/runtime': 0.70.0
    peerDependenciesMeta:
      '@oxc-project/runtime':
        optional: true
    dependencies:
      '@oxc-project/types': 0.70.0
      '@rolldown/pluginutils': 1.0.0-beta.9
      ansis: 4.3.1
    optionalDependencies:
      '@rolldown/binding-darwin-arm64': 1.0.0-beta.9
      '@rolldown/binding-darwin-x64': 1.0.0-beta.9
      '@rolldown/binding-freebsd-x64': 1.0.0-beta.9
      '@rolldown/binding-linux-arm-gnueabihf': 1.0.0-beta.9
      '@rolldown/binding-linux-arm64-gnu': 1.0.0-beta.9
      '@rolldown/binding-linux-arm64-musl': 1.0.0-beta.9
      '@rolldown/binding-linux-x64-gnu': 1.0.0-beta.9
      '@rolldown/binding-linux-x64-musl': 1.0.0-beta.9
      '@rolldown/binding-wasm32-wasi': 1.0.0-beta.9
      '@rolldown/binding-win32-arm64-msvc': 1.0.0-beta.9
      '@rolldown/binding-win32-ia32-msvc': 1.0.0-beta.9
      '@rolldown/binding-win32-x64-msvc': 1.0.0-beta.9
    dev: true

  /semver@7.8.5:
    resolution: {integrity: sha512-Y7/KDsb8LjooZpwaqGyulO6DQlksgCncchHGk+sZIY4SBvUocMBEFH5Ur1fI4dV+Jvl0w6cjvucaIi40puRioA==}
    engines: {node: '>=10'}
    hasBin: true
    dev: true

  /tinyexec@1.3.0:
    resolution: {integrity: sha512-QKAl9m8gWWGHV8jZcPeym6j+XULi6tOf1mT83WYJ4Lk2ytW/uwAWkrP0uFsdoYMdueVJ0qs26wZ+23xeB4ibNQ==}
    engines: {node: '>=18'}
    dev: true

  /tinyglobby@0.2.17:
    resolution: {integrity: sha512-wXR/dYpcqKmfWpEdZjiKJOwCNFndD0DMnrW/cYjVGttEkBfVgcLFHoNrlj47mjOVic9yyNu65alsgF4NQyTa2g==}
    engines: {node: '>=12.0.0'}
    dependencies:
      fdir: 6.5.0(picomatch@4.0.5)
      picomatch: 4.0.5
    dev: true

  /tsdown@0.11.13(typescript@5.9.3):
    resolution: {integrity: sha512-VSfoNm8MJXFdg7PJ4p2javgjMRiQQHpkP9N3iBBTrmCixcT6YZ9ZtqYMW3NDHczqR0C0Qnur1HMQr1ZfZcmrng==}
    engines: {node: '>=18.0.0'}
    hasBin: true
    peerDependencies:
      publint: ^0.3.0
      typescript: ^5.0.0
      unplugin-lightningcss: ^0.4.0
      unplugin-unused: ^0.5.0
    peerDependenciesMeta:
      publint:
        optional: true
      typescript:
        optional: true
      unplugin-lightningcss:
        optional: true
      unplugin-unused:
        optional: true
    dependencies:
      ansis: 4.3.1
      cac: 6.7.14
      chokidar: 4.0.3
      debug: 4.4.3
      diff: 8.0.4
      empathic: 1.1.0
      hookable: 5.5.3
      rolldown: 1.0.0-beta.9
      rolldown-plugin-dts: 0.13.14(rolldown@1.0.0-beta.9)(typescript@5.9.3)
      semver: 7.8.5
      tinyexec: 1.3.0
      tinyglobby: 0.2.17
      typescript: 5.9.3
      unconfig: 7.5.0
    transitivePeerDependencies:
      - '@oxc-project/runtime'
      - '@typescript/native-preview'
      - oxc-resolver
      - supports-color
      - vue-tsc
    dev: true

  /tslib@2.8.1:
    resolution: {integrity: sha512-oJFu94HQb+KVduSUQL7wnpmqnfmLsOA/nAh6b6EH0wCEoK0/mPeXU6c3wKDV83MkOuHPRHtSXKKU99IBazS/2w==}
    requiresBuild: true
    dev: true
    optional: true

  /tsx@4.23.12:
    resolution: {integrity: sha512-FDf4L4sYzKtzWYhU/Xm0AQFdTjdIxNo9ElTf2mxXM6k8YMHXzYUe4yODVaXP4V9uMFbVg8c0qyBccK2OOxb45Q==}
    engines: {node: '>=18.0.0'}
    hasBin: true
    dependencies:
      esbuild: 0.28.2
    optionalDependencies:
      fsevents: 2.3.3
    dev: true

  /typescript@5.9.3:
    resolution: {integrity: sha512-jl1vZzPDinLr9eUt3J/t7V6FgNEw9QjvBPdysz9KfQDD41fQrC2Y4vKQdiaUpFT4bXlb1RHhLpp8wtm6M5TgSw==}
    engines: {node: '>=14.17'}
    hasBin: true
    dev: true

  /unconfig-core@7.5.0:
    resolution: {integrity: sha512-Su3FauozOGP44ZmKdHy2oE6LPjk51M/TRRjHv2HNCWiDvfvCoxC2lno6jevMA91MYAdCdwP05QnWdWpSbncX/w==}
    dependencies:
      '@quansync/fs': 1.0.0
      quansync: 1.0.0
    dev: true

  /unconfig@7.5.0:
    resolution: {integrity: sha512-oi8Qy2JV4D3UQ0PsopR28CzdQ3S/5A1zwsUwp/rosSbfhJ5z7b90bIyTwi/F7hCLD4SGcZVjDzd4XoUQcEanvA==}
    dependencies:
      '@quansync/fs': 1.0.0
      defu: 6.1.7
      jiti: 2.7.0
      quansync: 1.0.0
      unconfig-core: 7.5.0
    dev: true

  /undici-types@8.3.0:
    resolution: {integrity: sha512-j375ScV60dom+YkPFIfTLcOiPxkN/buHz5GobjLhixFuANaNs3C9l4GmrWqejgXWJ7BbJcFYpTEUkS1Ge8bpZQ==}
    dev: true
